
Microsoft Visual Studio Solution File, Format Version 12.00
# Visual Studio Version 17
VisualStudioVersion = 17.1.32228.430
MinimumVisualStudioVersion = 10.0.40219.1
Project("{FAE04EC0-301F-11D3-BF4B-00C04F79EFBC}") = "VideoArchiveBot", "VideoArchiveBot\VideoArchiveBot.csproj", "{DD5F4803-A73A-40B2-8F22-7E546DD002CC}"
EndProject
Project("{FAE04EC0-301F-11D3-BF4B-00C04F79EFBC}") = "Tests", "Tests\Tests.csproj", "{10C59AF4-1E9E-4295-9FC7-225D7DB5C104}"
EndProject
Global
	GlobalSection(SolutionConfigurationPlatforms) = preSolution
		Debug|Any CPU = Debug|Any CPU
		Release|Any CPU = Release|Any CPU
	EndGlobalSection
	GlobalSection(ProjectConfigurationPlatforms) = postSolution
		{DD5F4803-A73A-40B2-8F22-7E546DD002CC}.Debug|Any CPU.ActiveCfg = Debug|Any CPU
		{DD5F4803-A73A-40B2-8F22-7E546DD002CC}.Debug|Any CPU.Build.0 = Debug|Any CPU
		{DD5F4803-A73A-40B2-8F22-7E546DD002CC}.Release|Any CPU.ActiveCfg = Release|Any CPU
		{DD5F4803-A73A-40B2-8F22-7E546DD002CC}.Release|Any CPU.Build.0 = Release|Any CPU
		{10C59AF4-1E9E-4295-9FC7-225D7DB5C104}.Debug|Any CPU.ActiveCfg = Debug|Any CPU
		{10C59AF4-1E9E-4295-9FC7-225D7DB5C104}.Debug|Any CPU.Build.0 = Debug|Any CPU
		{10C59AF4-1E9E-4295-9FC7-225D7DB5C104}.Release|Any CPU.ActiveCfg = Release|Any CPU
		{10C59AF4-1E9E-4295-9FC7-225D7DB5C104}.Release|Any CPU.Build.0 = Release|Any CPU
	EndGlobalSection
	GlobalSection(SolutionProperties) = preSolution
		HideSolutionNode = FALSE
	EndGlobalSection
	GlobalSection(ExtensibilityGlobals) = postSolution
		SolutionGuid = {68181BC2-2E0B-48E9-AC98-ECDE02C3B94D}
	EndGlobalSection
EndGlobal
